
Microsoft Visual Studio Solution File, Format Version 12.00
# Visual Studio Version 17
VisualStudioVersion = 17.11.35312.102
MinimumVisualStudioVersion = 10.0.40219.1
Project("{FAE04EC0-301F-11D3-BF4B-00C04F79EFBC}") = "Event", "Event\Event.csproj", "{410742F1-343E-43FC-A058-E5545E5275ED}"
EndProject
Project("{FAE04EC0-301F-11D3-BF4B-00C04F79EFBC}") = "BAL", "BAL\BAL.csproj", "{A38104FC-CF20-49D3-98FD-B2C7982B91B4}"
EndProject
Project("{FAE04EC0-301F-11D3-BF4B-00C04F79EFBC}") = "DAL", "DAL\DAL.csproj", "{97B87A3E-6D33-41D1-BD74-1CDA1307FA15}"
EndProject
Global
	GlobalSection(SolutionConfigurationPlatforms) = preSolution
		Debug|Any CPU = Debug|Any CPU
		Release|Any CPU = Release|Any CPU
	EndGlobalSection
	GlobalSection(ProjectConfigurationPlatforms) = postSolution
		{410742F1-343E-43FC-A058-E5545E5275ED}.Debug|Any CPU.ActiveCfg = Debug|Any CPU
		{410742F1-343E-43FC-A058-E5545E5275ED}.Debug|Any CPU.Build.0 = Debug|Any CPU
		{410742F1-343E-43FC-A058-E5545E5275ED}.Release|Any CPU.ActiveCfg = Release|Any CPU
		{410742F1-343E-43FC-A058-E5545E5275ED}.Release|Any CPU.Build.0 = Release|Any CPU
		{A38104FC-CF20-49D3-98FD-B2C7982B91B4}.Debug|Any CPU.ActiveCfg = Debug|Any CPU
		{A38104FC-CF20-49D3-98FD-B2C7982B91B4}.Debug|Any CPU.Build.0 = Debug|Any CPU
		{A38104FC-CF20-49D3-98FD-B2C7982B91B4}.Release|Any CPU.ActiveCfg = Release|Any CPU
		{A38104FC-CF20-49D3-98FD-B2C7982B91B4}.Release|Any CPU.Build.0 = Release|Any CPU
		{97B87A3E-6D33-41D1-BD74-1CDA1307FA15}.Debug|Any CPU.ActiveCfg = Debug|Any CPU
		{97B87A3E-6D33-41D1-BD74-1CDA1307FA15}.Debug|Any CPU.Build.0 = Debug|Any CPU
		{97B87A3E-6D33-41D1-BD74-1CDA1307FA15}.Release|Any CPU.ActiveCfg = Release|Any CPU
		{97B87A3E-6D33-41D1-BD74-1CDA1307FA15}.Release|Any CPU.Build.0 = Release|Any CPU
	EndGlobalSection
	GlobalSection(SolutionProperties) = preSolution
		HideSolutionNode = FALSE
	EndGlobalSection
	GlobalSection(ExtensibilityGlobals) = postSolution
		SolutionGuid = {19EB2612-6360-4A4A-82B2-BE327BE86F51}
	EndGlobalSection
EndGlobal
