
Microsoft Visual Studio Solution File, Format Version 12.00
# Visual Studio Version 17
VisualStudioVersion = 17.11.35312.102
MinimumVisualStudioVersion = 10.0.40219.1
Project("{FAE04EC0-301F-11D3-BF4B-00C04F79EFBC}") = "HealthMonitoring", "HealthMonitoring\HealthMonitoring.csproj", "{0896E868-9A1C-486C-B4C5-A04C4D66A4D4}"
EndProject
Project("{FAE04EC0-301F-11D3-BF4B-00C04F79EFBC}") = "BAL", "BAL\BAL.csproj", "{F26A590F-421B-4774-819B-8E3F9A20380A}"
EndProject
Project("{FAE04EC0-301F-11D3-BF4B-00C04F79EFBC}") = "DAL", "DAL\DAL.csproj", "{C02F6446-8F5F-45A4-B508-E345CAC12975}"
EndProject
Global
	GlobalSection(SolutionConfigurationPlatforms) = preSolution
		Debug|Any CPU = Debug|Any CPU
		Release|Any CPU = Release|Any CPU
	EndGlobalSection
	GlobalSection(ProjectConfigurationPlatforms) = postSolution
		{0896E868-9A1C-486C-B4C5-A04C4D66A4D4}.Debug|Any CPU.ActiveCfg = Debug|Any CPU
		{0896E868-9A1C-486C-B4C5-A04C4D66A4D4}.Debug|Any CPU.Build.0 = Debug|Any CPU
		{0896E868-9A1C-486C-B4C5-A04C4D66A4D4}.Release|Any CPU.ActiveCfg = Release|Any CPU
		{0896E868-9A1C-486C-B4C5-A04C4D66A4D4}.Release|Any CPU.Build.0 = Release|Any CPU
		{F26A590F-421B-4774-819B-8E3F9A20380A}.Debug|Any CPU.ActiveCfg = Debug|Any CPU
		{F26A590F-421B-4774-819B-8E3F9A20380A}.Debug|Any CPU.Build.0 = Debug|Any CPU
		{F26A590F-421B-4774-819B-8E3F9A20380A}.Release|Any CPU.ActiveCfg = Release|Any CPU
		{F26A590F-421B-4774-819B-8E3F9A20380A}.Release|Any CPU.Build.0 = Release|Any CPU
		{C02F6446-8F5F-45A4-B508-E345CAC12975}.Debug|Any CPU.ActiveCfg = Debug|Any CPU
		{C02F6446-8F5F-45A4-B508-E345CAC12975}.Debug|Any CPU.Build.0 = Debug|Any CPU
		{C02F6446-8F5F-45A4-B508-E345CAC12975}.Release|Any CPU.ActiveCfg = Release|Any CPU
		{C02F6446-8F5F-45A4-B508-E345CAC12975}.Release|Any CPU.Build.0 = Release|Any CPU
	EndGlobalSection
	GlobalSection(SolutionProperties) = preSolution
		HideSolutionNode = FALSE
	EndGlobalSection
	GlobalSection(ExtensibilityGlobals) = postSolution
		SolutionGuid = {C67A98EC-DC63-452B-B77F-3B87C766CF56}
	EndGlobalSection
EndGlobal
