
Microsoft Visual Studio Solution File, Format Version 12.00
# Visual Studio Version 17
VisualStudioVersion = 17.14.36401.2 d17.14
MinimumVisualStudioVersion = 10.0.40219.1
Project("{FAE04EC0-301F-11D3-BF4B-00C04F79EFBC}") = "PictureU", "PictureU.csproj", "{E86C317C-98D0-4BA5-932E-3934E92502E5}"
EndProject
Global
	GlobalSection(SolutionConfigurationPlatforms) = preSolution
		Debug|Any CPU = Debug|Any CPU
		Release|Any CPU = Release|Any CPU
	EndGlobalSection
	GlobalSection(ProjectConfigurationPlatforms) = postSolution
		{E86C317C-98D0-4BA5-932E-3934E92502E5}.Debug|Any CPU.ActiveCfg = Debug|Any CPU
		{E86C317C-98D0-4BA5-932E-3934E92502E5}.Debug|Any CPU.Build.0 = Debug|Any CPU
		{E86C317C-98D0-4BA5-932E-3934E92502E5}.Release|Any CPU.ActiveCfg = Release|Any CPU
		{E86C317C-98D0-4BA5-932E-3934E92502E5}.Release|Any CPU.Build.0 = Release|Any CPU
	EndGlobalSection
	GlobalSection(SolutionProperties) = preSolution
		HideSolutionNode = FALSE
	EndGlobalSection
	GlobalSection(ExtensibilityGlobals) = postSolution
		SolutionGuid = {2DBE1BED-519D-4A3D-8D92-40FD1FD5575D}
	EndGlobalSection
EndGlobal
